{
  "name": "mesh-interview-task",
  "version": "1.0.0",
  "lockfileVersion": 1,
  "requires": true,
  "dependencies": {
    "agent-base": {
      "version": "4.1.1",
      "resolved": "https://registry.npmjs.org/agent-base/-/agent-base-4.1.1.tgz",
      "integrity": "sha512-yWGUUmCZD/33IRjG2It94PzixT8lX+47Uq8fjmd0cgQWITCMrJuXFaVIMnGDmDnZGGKAGdwTx8UGeU8lMR2urA==",
      "requires": {
        "es6-promisify": "5.0.0"
      }
    },
    "bluebird": {
      "version": "3.5.1",
      "resolved": "https://registry.npmjs.org/bluebird/-/bluebird-3.5.1.tgz",
      "integrity": "sha512-MKiLiV+I1AA596t9w1sQJ8jkiSr5+ZKi0WKrYGUn6d1Fx+Ij4tIj+m2WMQSGczs5jZVxV339chE8iwk6F64wjA=="
    },
    "co": {
      "version": "4.6.0",
      "resolved": "https://registry.npmjs.org/co/-/co-4.6.0.tgz",
      "integrity": "sha1-bqa989hTrlTMuOR7+gvz+QMfsYQ="
    },
    "debug": {
      "version": "2.6.9",
      "resolved": "https://registry.npmjs.org/debug/-/debug-2.6.9.tgz",
      "integrity": "sha512-bC7ElrdJaJnPbAP+1EotYvqZsb3ecl5wi6Bfi6BJTUcNowp6cvspg0jXznRTKDjm/E7AdgFBVeAPVMNcKGsHMA==",
      "requires": {
        "ms": "2.0.0"
      }
    },
    "es6-promise": {
      "version": "4.1.1",
      "resolved": "https://registry.npmjs.org/es6-promise/-/es6-promise-4.1.1.tgz",
      "integrity": "sha512-OaU1hHjgJf+b0NzsxCg7NdIYERD6Hy/PEmFLTjw+b65scuisG3Kt4QoTvJ66BBkPZ581gr0kpoVzKnxniM8nng=="
    },
    "es6-promisify": {
      "version": "5.0.0",
      "resolved": "https://registry.npmjs.org/es6-promisify/-/es6-promisify-5.0.0.tgz",
      "integrity": "sha1-UQnWLz5W6pZ8S2NQWu8IKRyKUgM=",
      "requires": {
        "es6-promise": "4.1.1"
      }
    },
    "follow-redirects": {
      "version": "1.2.5",
      "resolved": "https://registry.npmjs.org/follow-redirects/-/follow-redirects-1.2.5.tgz",
      "integrity": "sha512-lMhwQTryFbG+wYsAIEKC1Kf5IGDlVNnONRogIBllh7LLoV7pNIxW0z9fhjRar9NBql+hd2Y49KboVVNxf6GEfg==",
      "requires": {
        "debug": "2.6.9"
      }
    },
    "github": {
      "version": "12.0.1",
      "resolved": "https://registry.npmjs.org/github/-/github-12.0.1.tgz",
      "integrity": "sha512-ErpdkNtZfh8GPdNtoaTUD7tlyAL82Is/W4BZcwYi5zwtIP0kKhbH1OzTZgvHjqXO1EUVfKH0f6VhaQJO5qeT1w==",
      "requires": {
        "follow-redirects": "1.2.5",
        "https-proxy-agent": "2.1.0",
        "mime": "2.0.3",
        "netrc": "0.1.4"
      }
    },
    "https-proxy-agent": {
      "version": "2.1.0",
      "resolved": "https://registry.npmjs.org/https-proxy-agent/-/https-proxy-agent-2.1.0.tgz",
      "integrity": "sha512-/DTVSUCbRc6AiyOV4DBRvPDpKKCJh4qQJNaCgypX0T41quD9hp/PB5iUyx/60XobuMPQa9ce1jNV9UOUq6PnTg==",
      "requires": {
        "agent-base": "4.1.1",
        "debug": "2.6.9"
      }
    },
    "mime": {
      "version": "2.0.3",
      "resolved": "https://registry.npmjs.org/mime/-/mime-2.0.3.tgz",
      "integrity": "sha512-TrpAd/vX3xaLPDgVRm6JkZwLR0KHfukMdU2wTEbqMDdCnY6Yo3mE+mjs9YE6oMNw2QRfXVeBEYpmpO94BIqiug=="
    },
    "ms": {
      "version": "2.0.0",
      "resolved": "https://registry.npmjs.org/ms/-/ms-2.0.0.tgz",
      "integrity": "sha1-VgiurfwAvmwpAd9fmGF4jeDVl8g="
    },
    "netrc": {
      "version": "0.1.4",
      "resolved": "https://registry.npmjs.org/netrc/-/netrc-0.1.4.tgz",
      "integrity": "sha1-a+lPysqNd63gqWcNxGCRTJRHJEQ="
    }
  }
}
